
Microsoft Visual Studio Solution File, Format Version 12.00
# Visual Studio Version 16
VisualStudioVersion = 16.0.31321.278
MinimumVisualStudioVersion = 10.0.40219.1
Project("{FAE04EC0-301F-11D3-BF4B-00C04F79EFBC}") = "Делегаты", "Делегаты.csproj", "{1D3D9AD4-DC50-46B7-B78F-987A7A0994F9}"
EndProject
Global
	GlobalSection(SolutionConfigurationPlatforms) = preSolution
		Debug|Any CPU = Debug|Any CPU
		Release|Any CPU = Release|Any CPU
	EndGlobalSection
	GlobalSection(ProjectConfigurationPlatforms) = postSolution
		{1D3D9AD4-DC50-46B7-B78F-987A7A0994F9}.Debug|Any CPU.ActiveCfg = Debug|Any CPU
		{1D3D9AD4-DC50-46B7-B78F-987A7A0994F9}.Debug|Any CPU.Build.0 = Debug|Any CPU
		{1D3D9AD4-DC50-46B7-B78F-987A7A0994F9}.Release|Any CPU.ActiveCfg = Release|Any CPU
		{1D3D9AD4-DC50-46B7-B78F-987A7A0994F9}.Release|Any CPU.Build.0 = Release|Any CPU
	EndGlobalSection
	GlobalSection(SolutionProperties) = preSolution
		HideSolutionNode = FALSE
	EndGlobalSection
	GlobalSection(ExtensibilityGlobals) = postSolution
		SolutionGuid = {B1625934-2F80-4DCF-BAE5-041336835F3F}
	EndGlobalSection
EndGlobal
